{
  "name": "material_retrieval",
  "lockfileVersion": 3,
  "requires": true,
  "packages": {
    "": {
      "devDependencies": {
        "@playwright/test": "file:tools/playwright-test-adapter"
      }
    },
    "node_modules/@playwright/test": {
      "resolved": "tools/playwright-test-adapter",
      "link": true
    },
    "tools/playwright-test-adapter": {
      "name": "@playwright/test",
      "version": "1.59.1",
      "dev": true
    }
  }
}
